dependencies:
- name: keycloak
  repository: https://charts.bitnami.com/bitnami
  version: 13.3.0
- name: kafka
  repository: https://charts.bitnami.com/bitnami
  version: 21.3.1
- name: postgresql
  repository: https://charts.bitnami.com/bitnami
  version: 12.2.2
- name: connector
  repository: https://cdcgov.github.io/NEDSS-BusinessProcessManagement-Core/helm-charts
  version: 0.1.0
- name: identity-adapter
  repository: https://cdcgov.github.io/NEDSS-BusinessProcessManagement-Core/helm-charts
  version: 0.1.0
- name: modeling
  repository: https://cdcgov.github.io/NEDSS-BusinessProcessManagement-Core/helm-charts
  version: 0.1.0
- name: query
  repository: https://cdcgov.github.io/NEDSS-BusinessProcessManagement-Core/helm-charts
  version: 0.1.0
- name: runtime-bundle
  repository: https://cdcgov.github.io/NEDSS-BusinessProcessManagement-Core/helm-charts
  version: 0.1.0
digest: sha256:0798c789412e7c27c3addd695be1760349fcc3f42f8b3af6b6ad74ad038fcf91
generated: "2023-03-10T09:33:41.652036-06:00"
